Microsoft Visual Studio Solution File, Format Version 11.00
# Visual Studio 2010
Project("{FAE04EC0-301F-11D3-BF4B-00C04F79EFBC}") = "GroupFilter", "GroupFilter\GroupFilter.csproj", "{3AF7530F-B290-4A48-9015-438842A6972F}"
EndProject
Project("{FAE04EC0-301F-11D3-BF4B-00C04F79EFBC}") = "GroupFilter.Web", "GroupFilter.Web\GroupFilter.Web.csproj", "{BB895CB3-20AA-4783-A17A-1F654E946259}"
EndProject
Global
	GlobalSection(SolutionConfigurationPlatforms) = preSolution
		Debug|Any CPU = Debug|Any CPU
		Release|Any CPU = Release|Any CPU
	EndGlobalSection
	GlobalSection(ProjectConfigurationPlatforms) = postSolution
		{3AF7530F-B290-4A48-9015-438842A6972F}.Debug|Any CPU.ActiveCfg = Debug|Any CPU
		{3AF7530F-B290-4A48-9015-438842A6972F}.Debug|Any CPU.Build.0 = Debug|Any CPU
		{3AF7530F-B290-4A48-9015-438842A6972F}.Release|Any CPU.ActiveCfg = Release|Any CPU
		{3AF7530F-B290-4A48-9015-438842A6972F}.Release|Any CPU.Build.0 = Release|Any CPU
		{BB895CB3-20AA-4783-A17A-1F654E946259}.Debug|Any CPU.ActiveCfg = Debug|Any CPU
		{BB895CB3-20AA-4783-A17A-1F654E946259}.Debug|Any CPU.Build.0 = Debug|Any CPU
		{BB895CB3-20AA-4783-A17A-1F654E946259}.Release|Any CPU.ActiveCfg = Release|Any CPU
		{BB895CB3-20AA-4783-A17A-1F654E946259}.Release|Any CPU.Build.0 = Release|Any CPU
	EndGlobalSection
	GlobalSection(SolutionProperties) = preSolution
		HideSolutionNode = FALSE
	EndGlobalSection
EndGlobal
